{
  "name": "trip-experimental",
  "version": "1.0.0",
  "lockfileVersion": 1,
  "requires": true,
  "dependencies": {
    "@ztrehagem/daty": {
      "version": "0.4.0",
      "resolved": "https://registry.npmjs.org/@ztrehagem/daty/-/daty-0.4.0.tgz",
      "integrity": "sha512-Oc4V8B7ATD/GGrAPCkOAZ1pbHSjh+AGDE74cdA7Wv1fKHyev81UlwYzdYm9QLeUZcoUet/2BEVHtkRg4yu5rvg=="
    },
    "vuex": {
      "version": "3.1.1",
      "resolved": "https://registry.npmjs.org/vuex/-/vuex-3.1.1.tgz",
      "integrity": "sha512-ER5moSbLZuNSMBFnEBVGhQ1uCBNJslH9W/Dw2W7GZN23UQA69uapP5GTT9Vm8Trc0PzBSVt6LzF3hGjmv41xcg=="
    },
    "vuex-smart-module": {
      "version": "0.3.1",
      "resolved": "https://registry.npmjs.org/vuex-smart-module/-/vuex-smart-module-0.3.1.tgz",
      "integrity": "sha512-T44uJSXC46i7nCWfAclhSgeuDTBKE2+cdfstq8aAaob21rMfVCl8cpGhXHwRdmraqLdXVj9Jf9TsNI9/7unGeQ=="
    }
  }
}
